
Microsoft Visual Studio Solution File, Format Version 12.00
# Visual Studio Version 16
VisualStudioVersion = 16.0.30804.86
MinimumVisualStudioVersion = 10.0.40219.1
Project("{FAE04EC0-301F-11D3-BF4B-00C04F79EFBC}") = "MeditRTest.Web", "MeditRTest.Web\MeditRTest.Web.csproj", "{B6A9BD9D-CF88-4187-B5C5-C581E3075C6D}"
EndProject
Global
	GlobalSection(SolutionConfigurationPlatforms) = preSolution
		Debug|Any CPU = Debug|Any CPU
		Release|Any CPU = Release|Any CPU
	EndGlobalSection
	GlobalSection(ProjectConfigurationPlatforms) = postSolution
		{B6A9BD9D-CF88-4187-B5C5-C581E3075C6D}.Debug|Any CPU.ActiveCfg = Debug|Any CPU
		{B6A9BD9D-CF88-4187-B5C5-C581E3075C6D}.Debug|Any CPU.Build.0 = Debug|Any CPU
		{B6A9BD9D-CF88-4187-B5C5-C581E3075C6D}.Release|Any CPU.ActiveCfg = Release|Any CPU
		{B6A9BD9D-CF88-4187-B5C5-C581E3075C6D}.Release|Any CPU.Build.0 = Release|Any CPU
	EndGlobalSection
	GlobalSection(SolutionProperties) = preSolution
		HideSolutionNode = FALSE
	EndGlobalSection
	GlobalSection(ExtensibilityGlobals) = postSolution
		SolutionGuid = {AC5D051B-8816-46E6-95B3-AC7A50FE37C5}
	EndGlobalSection
EndGlobal
